
Microsoft Visual Studio Solution File, Format Version 12.00
# Visual Studio Version 17
VisualStudioVersion = 17.11.35222.181
MinimumVisualStudioVersion = 10.0.40219.1
Project("{FAE04EC0-301F-11D3-BF4B-00C04F79EFBC}") = "Desafio.TwoSum", "Desafio.TwoSum\Desafio.TwoSum.csproj", "{DD2CDB8D-355E-4F2D-8527-891FC22BFC4B}"
EndProject
Global
	GlobalSection(SolutionConfigurationPlatforms) = preSolution
		Debug|Any CPU = Debug|Any CPU
		Release|Any CPU = Release|Any CPU
	EndGlobalSection
	GlobalSection(ProjectConfigurationPlatforms) = postSolution
		{DD2CDB8D-355E-4F2D-8527-891FC22BFC4B}.Debug|Any CPU.ActiveCfg = Debug|Any CPU
		{DD2CDB8D-355E-4F2D-8527-891FC22BFC4B}.Debug|Any CPU.Build.0 = Debug|Any CPU
		{DD2CDB8D-355E-4F2D-8527-891FC22BFC4B}.Release|Any CPU.ActiveCfg = Release|Any CPU
		{DD2CDB8D-355E-4F2D-8527-891FC22BFC4B}.Release|Any CPU.Build.0 = Release|Any CPU
	EndGlobalSection
	GlobalSection(SolutionProperties) = preSolution
		HideSolutionNode = FALSE
	EndGlobalSection
	GlobalSection(ExtensibilityGlobals) = postSolution
		SolutionGuid = {EE4A23C1-4FEB-46C5-94C6-86EE2E3571ED}
	EndGlobalSection
EndGlobal
